
Microsoft Visual Studio Solution File, Format Version 12.00
# Visual Studio Version 16
VisualStudioVersion = 16.0.28606.126
MinimumVisualStudioVersion = 10.0.40219.1
Project("{9A19103F-16F7-4668-BE54-9A1E7A4F7556}") = "SAFE.NetworkDrive.Tests", "SAFE.NetworkDrive.Tests\SAFE.NetworkDrive.Tests.csproj", "{82630EF7-E46E-43C0-932B-8F3AB761A631}"
EndProject
Project("{9A19103F-16F7-4668-BE54-9A1E7A4F7556}") = "SAFE.NetworkDrive.Mounter", "SAFE.NetworkDrive.Mounter\SAFE.NetworkDrive.Mounter.csproj", "{A6303701-4B98-47B6-8E0C-5BD7A037B2FF}"
EndProject
Project("{9A19103F-16F7-4668-BE54-9A1E7A4F7556}") = "SAFE.NetworkDrive.UI", "SAFE.NetworkDrive.UI\SAFE.NetworkDrive.UI.csproj", "{E1826BCC-1E22-4E52-86F4-D0128E12735E}"
EndProject
Project("{2150E333-8FDC-42A3-9474-1A3956D46DE8}") = "UI", "UI", "{55289E44-6C40-4697-88AB-61F1DC2FED17}"
EndProject
Project("{2150E333-8FDC-42A3-9474-1A3956D46DE8}") = "Dokan", "Dokan", "{A1F7F439-6094-45AD-A5F6-F3B775D962FD}"
EndProject
Project("{2150E333-8FDC-42A3-9474-1A3956D46DE8}") = "Core", "Core", "{C4816F95-C17E-40A9-9BC5-54578583690F}"
EndProject
Project("{2150E333-8FDC-42A3-9474-1A3956D46DE8}") = "Fuse", "Fuse", "{716046DA-94DD-493D-9505-37EDFDAB223C}"
EndProject
Project("{9A19103F-16F7-4668-BE54-9A1E7A4F7556}") = "SAFE.NetworkDrive", "SAFE.NetworkDrive\SAFE.NetworkDrive.csproj", "{70D9BEC6-7741-4623-953F-9AFEC401FC73}"
EndProject
Project("{9A19103F-16F7-4668-BE54-9A1E7A4F7556}") = "SAFE.NetworkDrive.CloudFS", "SAFE.NetworkDrive.CloudFS\SAFE.NetworkDrive.CloudFS.csproj", "{1503C4D1-B7DF-4AC8-83A9-747AF079EF7A}"
EndProject
Project("{9A19103F-16F7-4668-BE54-9A1E7A4F7556}") = "SAFE.NetworkDrive.Fuse.Mounter", "SAFE.NetworkDrive.Fuse.Mounter\SAFE.NetworkDrive.Fuse.Mounter.csproj", "{0A31E993-8D93-4BCA-82C8-6D4E33EE115F}"
EndProject
Project("{9A19103F-16F7-4668-BE54-9A1E7A4F7556}") = "SAFE.NetworkDrive.Fuse.Console", "SAFE.NetworkDrive.Fuse.Console\SAFE.NetworkDrive.Fuse.Console.csproj", "{8E689E8F-4966-4600-85F2-E178AA931B86}"
EndProject
Project("{9A19103F-16F7-4668-BE54-9A1E7A4F7556}") = "SAFE.NetworkDrive.Dokan.Mounter", "SAFE.NetworkDrive.Dokan.Mounter\SAFE.NetworkDrive.Dokan.Mounter.csproj", "{924B2D49-50D0-4935-B030-1363DEEA77F0}"
EndProject
Project("{9A19103F-16F7-4668-BE54-9A1E7A4F7556}") = "SAFE.NetworkDrive.Dokan.Console", "SAFE.NetworkDrive.Dokan.Console\SAFE.NetworkDrive.Dokan.Console.csproj", "{48CC6736-D1EB-4F24-83DF-293FAC7522C6}"
EndProject
Project("{2150E333-8FDC-42A3-9474-1A3956D46DE8}") = "UI", "UI", "{FD8FA42E-19FC-4927-A906-4CDFA58370FF}"
EndProject
Global
	GlobalSection(SolutionConfigurationPlatforms) = preSolution
		Debug|Any CPU = Debug|Any CPU
		Debug|x64 = Debug|x64
		Release|Any CPU = Release|Any CPU
		Release|x64 = Release|x64
	EndGlobalSection
	GlobalSection(ProjectConfigurationPlatforms) = postSolution
		{82630EF7-E46E-43C0-932B-8F3AB761A631}.Debug|Any CPU.ActiveCfg = Debug|x64
		{82630EF7-E46E-43C0-932B-8F3AB761A631}.Debug|x64.ActiveCfg = Debug|x64
		{82630EF7-E46E-43C0-932B-8F3AB761A631}.Debug|x64.Build.0 = Debug|x64
		{82630EF7-E46E-43C0-932B-8F3AB761A631}.Release|Any CPU.ActiveCfg = Release|x64
		{82630EF7-E46E-43C0-932B-8F3AB761A631}.Release|x64.ActiveCfg = Release|x64
		{82630EF7-E46E-43C0-932B-8F3AB761A631}.Release|x64.Build.0 = Release|x64
		{A6303701-4B98-47B6-8E0C-5BD7A037B2FF}.Debug|Any CPU.ActiveCfg = Debug|x64
		{A6303701-4B98-47B6-8E0C-5BD7A037B2FF}.Debug|x64.ActiveCfg = Debug|x64
		{A6303701-4B98-47B6-8E0C-5BD7A037B2FF}.Debug|x64.Build.0 = Debug|x64
		{A6303701-4B98-47B6-8E0C-5BD7A037B2FF}.Release|Any CPU.ActiveCfg = Release|x64
		{A6303701-4B98-47B6-8E0C-5BD7A037B2FF}.Release|x64.ActiveCfg = Release|x64
		{A6303701-4B98-47B6-8E0C-5BD7A037B2FF}.Release|x64.Build.0 = Release|x64
		{E1826BCC-1E22-4E52-86F4-D0128E12735E}.Debug|Any CPU.ActiveCfg = Debug|x64
		{E1826BCC-1E22-4E52-86F4-D0128E12735E}.Debug|x64.ActiveCfg = Debug|x64
		{E1826BCC-1E22-4E52-86F4-D0128E12735E}.Debug|x64.Build.0 = Debug|x64
		{E1826BCC-1E22-4E52-86F4-D0128E12735E}.Release|Any CPU.ActiveCfg = Release|x64
		{E1826BCC-1E22-4E52-86F4-D0128E12735E}.Release|x64.ActiveCfg = Release|x64
		{E1826BCC-1E22-4E52-86F4-D0128E12735E}.Release|x64.Build.0 = Release|x64
		{70D9BEC6-7741-4623-953F-9AFEC401FC73}.Debug|Any CPU.ActiveCfg = Debug|x64
		{70D9BEC6-7741-4623-953F-9AFEC401FC73}.Debug|x64.ActiveCfg = Debug|x64
		{70D9BEC6-7741-4623-953F-9AFEC401FC73}.Debug|x64.Build.0 = Debug|x64
		{70D9BEC6-7741-4623-953F-9AFEC401FC73}.Release|Any CPU.ActiveCfg = Release|x64
		{70D9BEC6-7741-4623-953F-9AFEC401FC73}.Release|x64.ActiveCfg = Release|x64
		{70D9BEC6-7741-4623-953F-9AFEC401FC73}.Release|x64.Build.0 = Release|x64
		{1503C4D1-B7DF-4AC8-83A9-747AF079EF7A}.Debug|Any CPU.ActiveCfg = Debug|x64
		{1503C4D1-B7DF-4AC8-83A9-747AF079EF7A}.Debug|x64.ActiveCfg = Debug|x64
		{1503C4D1-B7DF-4AC8-83A9-747AF079EF7A}.Debug|x64.Build.0 = Debug|x64
		{1503C4D1-B7DF-4AC8-83A9-747AF079EF7A}.Release|Any CPU.ActiveCfg = Release|x64
		{1503C4D1-B7DF-4AC8-83A9-747AF079EF7A}.Release|x64.ActiveCfg = Release|x64
		{1503C4D1-B7DF-4AC8-83A9-747AF079EF7A}.Release|x64.Build.0 = Release|x64
		{0A31E993-8D93-4BCA-82C8-6D4E33EE115F}.Debug|Any CPU.ActiveCfg = Debug|x64
		{0A31E993-8D93-4BCA-82C8-6D4E33EE115F}.Debug|x64.ActiveCfg = Debug|x64
		{0A31E993-8D93-4BCA-82C8-6D4E33EE115F}.Debug|x64.Build.0 = Debug|x64
		{0A31E993-8D93-4BCA-82C8-6D4E33EE115F}.Release|Any CPU.ActiveCfg = Release|x64
		{0A31E993-8D93-4BCA-82C8-6D4E33EE115F}.Release|x64.ActiveCfg = Release|x64
		{0A31E993-8D93-4BCA-82C8-6D4E33EE115F}.Release|x64.Build.0 = Release|x64
		{8E689E8F-4966-4600-85F2-E178AA931B86}.Debug|Any CPU.ActiveCfg = Debug|x64
		{8E689E8F-4966-4600-85F2-E178AA931B86}.Debug|x64.ActiveCfg = Debug|x64
		{8E689E8F-4966-4600-85F2-E178AA931B86}.Debug|x64.Build.0 = Debug|x64
		{8E689E8F-4966-4600-85F2-E178AA931B86}.Release|Any CPU.ActiveCfg = Release|x64
		{8E689E8F-4966-4600-85F2-E178AA931B86}.Release|x64.ActiveCfg = Release|x64
		{8E689E8F-4966-4600-85F2-E178AA931B86}.Release|x64.Build.0 = Release|x64
		{924B2D49-50D0-4935-B030-1363DEEA77F0}.Debug|Any CPU.ActiveCfg = Debug|x64
		{924B2D49-50D0-4935-B030-1363DEEA77F0}.Debug|x64.ActiveCfg = Debug|x64
		{924B2D49-50D0-4935-B030-1363DEEA77F0}.Debug|x64.Build.0 = Debug|x64
		{924B2D49-50D0-4935-B030-1363DEEA77F0}.Release|Any CPU.ActiveCfg = Release|x64
		{924B2D49-50D0-4935-B030-1363DEEA77F0}.Release|x64.ActiveCfg = Release|x64
		{924B2D49-50D0-4935-B030-1363DEEA77F0}.Release|x64.Build.0 = Release|x64
		{48CC6736-D1EB-4F24-83DF-293FAC7522C6}.Debug|Any CPU.ActiveCfg = Debug|x64
		{48CC6736-D1EB-4F24-83DF-293FAC7522C6}.Debug|x64.ActiveCfg = Debug|x64
		{48CC6736-D1EB-4F24-83DF-293FAC7522C6}.Debug|x64.Build.0 = Debug|x64
		{48CC6736-D1EB-4F24-83DF-293FAC7522C6}.Release|Any CPU.ActiveCfg = Release|x64
		{48CC6736-D1EB-4F24-83DF-293FAC7522C6}.Release|x64.ActiveCfg = Release|x64
		{48CC6736-D1EB-4F24-83DF-293FAC7522C6}.Release|x64.Build.0 = Release|x64
	EndGlobalSection
	GlobalSection(SolutionProperties) = preSolution
		HideSolutionNode = FALSE
	EndGlobalSection
	GlobalSection(NestedProjects) = preSolution
		{A6303701-4B98-47B6-8E0C-5BD7A037B2FF} = {C4816F95-C17E-40A9-9BC5-54578583690F}
		{E1826BCC-1E22-4E52-86F4-D0128E12735E} = {55289E44-6C40-4697-88AB-61F1DC2FED17}
		{55289E44-6C40-4697-88AB-61F1DC2FED17} = {A1F7F439-6094-45AD-A5F6-F3B775D962FD}
		{70D9BEC6-7741-4623-953F-9AFEC401FC73} = {C4816F95-C17E-40A9-9BC5-54578583690F}
		{1503C4D1-B7DF-4AC8-83A9-747AF079EF7A} = {C4816F95-C17E-40A9-9BC5-54578583690F}
		{0A31E993-8D93-4BCA-82C8-6D4E33EE115F} = {716046DA-94DD-493D-9505-37EDFDAB223C}
		{8E689E8F-4966-4600-85F2-E178AA931B86} = {FD8FA42E-19FC-4927-A906-4CDFA58370FF}
		{924B2D49-50D0-4935-B030-1363DEEA77F0} = {A1F7F439-6094-45AD-A5F6-F3B775D962FD}
		{48CC6736-D1EB-4F24-83DF-293FAC7522C6} = {55289E44-6C40-4697-88AB-61F1DC2FED17}
		{FD8FA42E-19FC-4927-A906-4CDFA58370FF} = {716046DA-94DD-493D-9505-37EDFDAB223C}
	EndGlobalSection
	GlobalSection(ExtensibilityGlobals) = postSolution
		SolutionGuid = {50EEF590-10F7-4BDF-856E-DEF1B834E199}
	EndGlobalSection
EndGlobal
